
Microsoft Visual Studio Solution File, Format Version 12.00
# Visual Studio Version 16
VisualStudioVersion = 16.0.31321.278
MinimumVisualStudioVersion = 10.0.40219.1
Project("{FAE04EC0-301F-11D3-BF4B-00C04F79EFBC}") = "WebApiWebiner", "WebApiWebiner\WebApiWebiner.csproj", "{4D7CC946-C792-41CF-9E15-92C774178679}"
EndProject
Project("{FAE04EC0-301F-11D3-BF4B-00C04F79EFBC}") = "WebApiWebiner-2", "WebApiWebiner-2\WebApiWebiner-2.csproj", "{F1F21ECB-5638-4484-955B-127B00C1D7C7}"
EndProject
Project("{FAE04EC0-301F-11D3-BF4B-00C04F79EFBC}") = "Webiner-2Client", "Webiner-2Client\Webiner-2Client.csproj", "{3BFE6AC0-6386-4728-A99B-211818E47FE8}"
EndProject
Global
	GlobalSection(SolutionConfigurationPlatforms) = preSolution
		Debug|Any CPU = Debug|Any CPU
		Release|Any CPU = Release|Any CPU
	EndGlobalSection
	GlobalSection(ProjectConfigurationPlatforms) = postSolution
		{4D7CC946-C792-41CF-9E15-92C774178679}.Debug|Any CPU.ActiveCfg = Debug|Any CPU
		{4D7CC946-C792-41CF-9E15-92C774178679}.Debug|Any CPU.Build.0 = Debug|Any CPU
		{4D7CC946-C792-41CF-9E15-92C774178679}.Release|Any CPU.ActiveCfg = Release|Any CPU
		{4D7CC946-C792-41CF-9E15-92C774178679}.Release|Any CPU.Build.0 = Release|Any CPU
		{F1F21ECB-5638-4484-955B-127B00C1D7C7}.Debug|Any CPU.ActiveCfg = Debug|Any CPU
		{F1F21ECB-5638-4484-955B-127B00C1D7C7}.Debug|Any CPU.Build.0 = Debug|Any CPU
		{F1F21ECB-5638-4484-955B-127B00C1D7C7}.Release|Any CPU.ActiveCfg = Release|Any CPU
		{F1F21ECB-5638-4484-955B-127B00C1D7C7}.Release|Any CPU.Build.0 = Release|Any CPU
		{3BFE6AC0-6386-4728-A99B-211818E47FE8}.Debug|Any CPU.ActiveCfg = Debug|Any CPU
		{3BFE6AC0-6386-4728-A99B-211818E47FE8}.Debug|Any CPU.Build.0 = Debug|Any CPU
		{3BFE6AC0-6386-4728-A99B-211818E47FE8}.Release|Any CPU.ActiveCfg = Release|Any CPU
		{3BFE6AC0-6386-4728-A99B-211818E47FE8}.Release|Any CPU.Build.0 = Release|Any CPU
	EndGlobalSection
	GlobalSection(SolutionProperties) = preSolution
		HideSolutionNode = FALSE
	EndGlobalSection
	GlobalSection(ExtensibilityGlobals) = postSolution
		SolutionGuid = {8E3CC332-A65F-4EA2-9E7D-8399FEC1B19E}
	EndGlobalSection
EndGlobal
